
Microsoft Visual Studio Solution File, Format Version 12.00
# Visual Studio Version 16
VisualStudioVersion = 16.0.30309.148
MinimumVisualStudioVersion = 10.0.40219.1
Project("{9A19103F-16F7-4668-BE54-9A1E7A4F7556}") = "CMS.WebApi", "AIA.ROBO.WebApi\CMS.WebApi.csproj", "{27ED0D75-F97F-40AE-8539-9275241C7FE3}"
EndProject
Project("{9A19103F-16F7-4668-BE54-9A1E7A4F7556}") = "CMS.Core", "AIA.ROBO.Core\CMS.Core.csproj", "{1B74EA40-A1F7-4074-8AB6-7CB346F75A8A}"
EndProject
Project("{9A19103F-16F7-4668-BE54-9A1E7A4F7556}") = "CMS.Service", "AIA.ROBO.Service\CMS.Service.csproj", "{526F8E5E-FB6A-4E2F-889C-F7B246162446}"
EndProject
Project("{9A19103F-16F7-4668-BE54-9A1E7A4F7556}") = "CMS.Data", "AIA.ROBO.Data\CMS.Data.csproj", "{6A363DDF-0B48-4F49-82D5-6124E2F06526}"
EndProject
Global
	GlobalSection(SolutionConfigurationPlatforms) = preSolution
		Debug|Any CPU = Debug|Any CPU
		Release|Any CPU = Release|Any CPU
	EndGlobalSection
	GlobalSection(ProjectConfigurationPlatforms) = postSolution
		{27ED0D75-F97F-40AE-8539-9275241C7FE3}.Debug|Any CPU.ActiveCfg = Debug|Any CPU
		{27ED0D75-F97F-40AE-8539-9275241C7FE3}.Debug|Any CPU.Build.0 = Debug|Any CPU
		{27ED0D75-F97F-40AE-8539-9275241C7FE3}.Release|Any CPU.ActiveCfg = Release|Any CPU
		{27ED0D75-F97F-40AE-8539-9275241C7FE3}.Release|Any CPU.Build.0 = Release|Any CPU
		{1B74EA40-A1F7-4074-8AB6-7CB346F75A8A}.Debug|Any CPU.ActiveCfg = Debug|Any CPU
		{1B74EA40-A1F7-4074-8AB6-7CB346F75A8A}.Debug|Any CPU.Build.0 = Debug|Any CPU
		{1B74EA40-A1F7-4074-8AB6-7CB346F75A8A}.Release|Any CPU.ActiveCfg = Release|Any CPU
		{1B74EA40-A1F7-4074-8AB6-7CB346F75A8A}.Release|Any CPU.Build.0 = Release|Any CPU
		{526F8E5E-FB6A-4E2F-889C-F7B246162446}.Debug|Any CPU.ActiveCfg = Debug|Any CPU
		{526F8E5E-FB6A-4E2F-889C-F7B246162446}.Debug|Any CPU.Build.0 = Debug|Any CPU
		{526F8E5E-FB6A-4E2F-889C-F7B246162446}.Release|Any CPU.ActiveCfg = Release|Any CPU
		{526F8E5E-FB6A-4E2F-889C-F7B246162446}.Release|Any CPU.Build.0 = Release|Any CPU
		{6A363DDF-0B48-4F49-82D5-6124E2F06526}.Debug|Any CPU.ActiveCfg = Debug|Any CPU
		{6A363DDF-0B48-4F49-82D5-6124E2F06526}.Debug|Any CPU.Build.0 = Debug|Any CPU
		{6A363DDF-0B48-4F49-82D5-6124E2F06526}.Release|Any CPU.ActiveCfg = Release|Any CPU
		{6A363DDF-0B48-4F49-82D5-6124E2F06526}.Release|Any CPU.Build.0 = Release|Any CPU
	EndGlobalSection
	GlobalSection(SolutionProperties) = preSolution
		HideSolutionNode = FALSE
	EndGlobalSection
	GlobalSection(ExtensibilityGlobals) = postSolution
		SolutionGuid = {2714C5A2-A405-4ED9-BBF3-0917AAAD5C7D}
	EndGlobalSection
EndGlobal
